
Microsoft Visual Studio Solution File, Format Version 12.00
# Visual Studio 15
VisualStudioVersion = 15.0.26403.7
MinimumVisualStudioVersion = 10.0.40219.1
Project("{FAE04EC0-301F-11D3-BF4B-00C04F79EFBC}") = "Kiko.Models", "Kiko.Models\Kiko.Models.csproj", "{53E8ED4C-AF5C-4495-BE9B-EE28D40C02FB}"
EndProject
Project("{FAE04EC0-301F-11D3-BF4B-00C04F79EFBC}") = "Kiko.Repository", "Kiko.Repository\Kiko.Repository.csproj", "{8F288374-237B-4354-AB93-C78AED1D210E}"
EndProject
Project("{FAE04EC0-301F-11D3-BF4B-00C04F79EFBC}") = "Kiko.Web", "Kiko.Web\Kiko.Web.csproj", "{FDE0DE89-C328-48FD-BC59-48E785514605}"
EndProject
Project("{FAE04EC0-301F-11D3-BF4B-00C04F79EFBC}") = "Kiko.ServerSocketListener", "Kiko.ServerSocketListener\Kiko.ServerSocketListener.csproj", "{C2253FF6-BCD1-4941-AD92-3CC0300E0664}"
EndProject
Project("{FAE04EC0-301F-11D3-BF4B-00C04F79EFBC}") = "Kiko.WindowService", "Kiko.WindowService\Kiko.WindowService.csproj", "{E99FF85F-3F3E-4D1D-AA4E-72E3C914389D}"
EndProject
Project("{FAE04EC0-301F-11D3-BF4B-00C04F79EFBC}") = "Kiko.ClientSocketListener", "Kiko.ClientSocketListener\Kiko.ClientSocketListener.csproj", "{6C649D44-2658-4C0F-BDF1-2E4744229317}"
EndProject
Global
	GlobalSection(SolutionConfigurationPlatforms) = preSolution
		Debug|Any CPU = Debug|Any CPU
		Release|Any CPU = Release|Any CPU
	EndGlobalSection
	GlobalSection(ProjectConfigurationPlatforms) = postSolution
		{53E8ED4C-AF5C-4495-BE9B-EE28D40C02FB}.Debug|Any CPU.ActiveCfg = Debug|Any CPU
		{53E8ED4C-AF5C-4495-BE9B-EE28D40C02FB}.Debug|Any CPU.Build.0 = Debug|Any CPU
		{53E8ED4C-AF5C-4495-BE9B-EE28D40C02FB}.Release|Any CPU.ActiveCfg = Release|Any CPU
		{53E8ED4C-AF5C-4495-BE9B-EE28D40C02FB}.Release|Any CPU.Build.0 = Release|Any CPU
		{8F288374-237B-4354-AB93-C78AED1D210E}.Debug|Any CPU.ActiveCfg = Debug|Any CPU
		{8F288374-237B-4354-AB93-C78AED1D210E}.Debug|Any CPU.Build.0 = Debug|Any CPU
		{8F288374-237B-4354-AB93-C78AED1D210E}.Release|Any CPU.ActiveCfg = Release|Any CPU
		{8F288374-237B-4354-AB93-C78AED1D210E}.Release|Any CPU.Build.0 = Release|Any CPU
		{FDE0DE89-C328-48FD-BC59-48E785514605}.Debug|Any CPU.ActiveCfg = Debug|Any CPU
		{FDE0DE89-C328-48FD-BC59-48E785514605}.Debug|Any CPU.Build.0 = Debug|Any CPU
		{FDE0DE89-C328-48FD-BC59-48E785514605}.Release|Any CPU.ActiveCfg = Release|Any CPU
		{FDE0DE89-C328-48FD-BC59-48E785514605}.Release|Any CPU.Build.0 = Release|Any CPU
		{C2253FF6-BCD1-4941-AD92-3CC0300E0664}.Debug|Any CPU.ActiveCfg = Debug|Any CPU
		{C2253FF6-BCD1-4941-AD92-3CC0300E0664}.Debug|Any CPU.Build.0 = Debug|Any CPU
		{C2253FF6-BCD1-4941-AD92-3CC0300E0664}.Release|Any CPU.ActiveCfg = Release|Any CPU
		{C2253FF6-BCD1-4941-AD92-3CC0300E0664}.Release|Any CPU.Build.0 = Release|Any CPU
		{E99FF85F-3F3E-4D1D-AA4E-72E3C914389D}.Debug|Any CPU.ActiveCfg = Debug|Any CPU
		{E99FF85F-3F3E-4D1D-AA4E-72E3C914389D}.Debug|Any CPU.Build.0 = Debug|Any CPU
		{E99FF85F-3F3E-4D1D-AA4E-72E3C914389D}.Release|Any CPU.ActiveCfg = Release|Any CPU
		{E99FF85F-3F3E-4D1D-AA4E-72E3C914389D}.Release|Any CPU.Build.0 = Release|Any CPU
		{6C649D44-2658-4C0F-BDF1-2E4744229317}.Debug|Any CPU.ActiveCfg = Debug|Any CPU
		{6C649D44-2658-4C0F-BDF1-2E4744229317}.Debug|Any CPU.Build.0 = Debug|Any CPU
		{6C649D44-2658-4C0F-BDF1-2E4744229317}.Release|Any CPU.ActiveCfg = Release|Any CPU
		{6C649D44-2658-4C0F-BDF1-2E4744229317}.Release|Any CPU.Build.0 = Release|Any CPU
	EndGlobalSection
	GlobalSection(SolutionProperties) = preSolution
		HideSolutionNode = FALSE
	EndGlobalSection
EndGlobal
